
Microsoft Visual Studio Solution File, Format Version 12.00
# Visual Studio Version 17
VisualStudioVersion = 17.4.33110.190
MinimumVisualStudioVersion = 10.0.40219.1
Project("{FAE04EC0-301F-11D3-BF4B-00C04F79EFBC}") = "airplanesolutions.jmatorrales.connection-sql-test", "airplanesolutions.jmatorrales.connection-sql-test.csproj", "{67A5B5C3-0A77-4781-804D-AB2E5BEAB79D}"
EndProject
Global
	GlobalSection(SolutionConfigurationPlatforms) = preSolution
		Debug|Any CPU = Debug|Any CPU
		Release|Any CPU = Release|Any CPU
	EndGlobalSection
	GlobalSection(ProjectConfigurationPlatforms) = postSolution
		{67A5B5C3-0A77-4781-804D-AB2E5BEAB79D}.Debug|Any CPU.ActiveCfg = Debug|Any CPU
		{67A5B5C3-0A77-4781-804D-AB2E5BEAB79D}.Debug|Any CPU.Build.0 = Debug|Any CPU
		{67A5B5C3-0A77-4781-804D-AB2E5BEAB79D}.Release|Any CPU.ActiveCfg = Release|Any CPU
		{67A5B5C3-0A77-4781-804D-AB2E5BEAB79D}.Release|Any CPU.Build.0 = Release|Any CPU
	EndGlobalSection
	GlobalSection(SolutionProperties) = preSolution
		HideSolutionNode = FALSE
	EndGlobalSection
	GlobalSection(ExtensibilityGlobals) = postSolution
		SolutionGuid = {FA18BB76-41CA-4676-A20F-B7D4936A73ED}
	EndGlobalSection
EndGlobal
